
Microsoft Visual Studio Solution File, Format Version 12.00
# Visual Studio Version 17
VisualStudioVersion = 17.9.34723.18
MinimumVisualStudioVersion = 10.0.40219.1
Project("{FAE04EC0-301F-11D3-BF4B-00C04F79EFBC}") = "KataTest", "KataTest\KataTest.csproj", "{63265EE0-BF7A-4E31-AD52-0E4A48ADF3C7}"
EndProject
Project("{2150E333-8FDC-42A3-9474-1A3956D46DE8}") = "FriendorFoe - lvl7", "FriendorFoe - lvl7", "{3361C737-D193-48E3-B583-97C0E3A08FAE}"
EndProject
Global
	GlobalSection(SolutionConfigurationPlatforms) = preSolution
		Debug|Any CPU = Debug|Any CPU
		Release|Any CPU = Release|Any CPU
	EndGlobalSection
	GlobalSection(ProjectConfigurationPlatforms) = postSolution
		{63265EE0-BF7A-4E31-AD52-0E4A48ADF3C7}.Debug|Any CPU.ActiveCfg = Debug|Any CPU
		{63265EE0-BF7A-4E31-AD52-0E4A48ADF3C7}.Debug|Any CPU.Build.0 = Debug|Any CPU
		{63265EE0-BF7A-4E31-AD52-0E4A48ADF3C7}.Release|Any CPU.ActiveCfg = Release|Any CPU
		{63265EE0-BF7A-4E31-AD52-0E4A48ADF3C7}.Release|Any CPU.Build.0 = Release|Any CPU
	EndGlobalSection
	GlobalSection(SolutionProperties) = preSolution
		HideSolutionNode = FALSE
	EndGlobalSection
	GlobalSection(NestedProjects) = preSolution
		{63265EE0-BF7A-4E31-AD52-0E4A48ADF3C7} = {3361C737-D193-48E3-B583-97C0E3A08FAE}
	EndGlobalSection
	GlobalSection(ExtensibilityGlobals) = postSolution
		SolutionGuid = {3E204FAD-9A91-4F37-A648-AFD0B74122A2}
	EndGlobalSection
EndGlobal
